{
  "nodes": {
    "nixpkgs": {
      "locked": {
        "lastModified": 1782145344,
        "narHash": "sha256-8cz8/2hWTYdsPcpqWXa/IAkyjw1xBv3tx2UPNzkpe3c=",
        "owner": "nixos",
        "repo": "nixpkgs",
        "rev": "8dc49b8b206a683d1f6605e0fd993c0f5d49c98d",
        "type": "github"
      },
      "original": {
        "owner": "nixos",
        "ref": "nixos-unstable-small",
        "repo": "nixpkgs",
        "type": "github"
      }
    },
    "root": {
      "inputs": {
        "nixpkgs": "nixpkgs"
      }
    }
  },
  "root": "root",
  "version": 7
}
