{
  "nodes": {
    "nixpkgs": {
      "locked": {
        "lastModified": 1790096505,
        "narHash": "sha256-UbSc81aqsHU4mOficKbMitf3S7gFnJkYDAKfprVS1R8=",
        "owner": "nixos",
        "repo": "nixpkgs",
        "rev": "a251c42236bbff9f870fcdc513dac5873009c304",
        "type": "github"
      },
      "original": {
        "owner": "nixos",
        "ref": "nixos-unstable-small",
        "repo": "nixpkgs",
        "type": "github"
      }
    },
    "root": {
      "inputs": {
        "nixpkgs": "nixpkgs"
      }
    }
  },
  "root": "root",
  "version": 7
}
