{
  "nodes": {
    "nixpkgs": {
      "locked": {
        "lastModified": 1781971108,
        "narHash": "sha256-aR+FJrqOdjWWqkd88LdrDalCzKNSSbdZTO92I9LCSzY=",
        "owner": "nixos",
        "repo": "nixpkgs",
        "rev": "c8c0b904d406666a948a59d6f52bb44059bc9c24",
        "type": "github"
      },
      "original": {
        "owner": "nixos",
        "ref": "nixos-unstable-small",
        "repo": "nixpkgs",
        "type": "github"
      }
    },
    "root": {
      "inputs": {
        "nixpkgs": "nixpkgs"
      }
    }
  },
  "root": "root",
  "version": 7
}
